// !$*UTF8*$!
{
	archiveVersion = 1;
	classes = {
	};
	objectVersion = 56;
	objects = {

/* Begin PBXBuildFile section */
		20DE50292CC8D2C900768ADD /* AppDelegate.m in Sources */ = {isa = PBXBuildFile; fileRef = 20DE50282CC8D2C900768ADD /* AppDelegate.m */; };
		20DE502C2CC8D2C900768ADD /* SceneDelegate.m in Sources */ = {isa = PBXBuildFile; fileRef = 20DE502B2CC8D2C900768ADD /* SceneDelegate.m */; };
		20DE502F2CC8D2C900768ADD /* ViewController.m in Sources */ = {isa = PBXBuildFile; fileRef = 20DE502E2CC8D2C900768ADD /* ViewController.m */; };
		20DE50322CC8D2C900768ADD /* Main.storyboard in Resources */ = {isa = PBXBuildFile; fileRef = 20DE50302CC8D2C900768ADD /* Main.storyboard */; };
		20DE50342CC8D2CA00768ADD /* Assets.xcassets in Resources */ = {isa = PBXBuildFile; fileRef = 20DE50332CC8D2CA00768ADD /* Assets.xcassets */; };
		20DE50372CC8D2CA00768ADD /* LaunchScreen.storyboard in Resources */ = {isa = PBXBuildFile; fileRef = 20DE50352CC8D2CA00768ADD /* LaunchScreen.storyboard */; };
		20DE503A2CC8D2CA00768ADD /* main.m in Sources */ = {isa = PBXBuildFile; fileRef = 20DE50392CC8D2CA00768ADD /* main.m */; };
		20DE50442CC8D2CA00768ADD /* fontTests.m in Sources */ = {isa = PBXBuildFile; fileRef = 20DE50432CC8D2CA00768ADD /* fontTests.m */; };
		20DE504E2CC8D2CA00768ADD /* fontUITests.m in Sources */ = {isa = PBXBuildFile; fileRef = 20DE504D2CC8D2CA00768ADD /* fontUITests.m */; };
		20DE50502CC8D2CA00768ADD /* fontUITestsLaunchTests.m in Sources */ = {isa = PBXBuildFile; fileRef = 20DE504F2CC8D2CA00768ADD /* fontUITestsLaunchTests.m */; };
/* End PBXBuildFile section */

/* Begin PBXContainerItemProxy section */
		20DE50402CC8D2CA00768ADD /* PBXContainerItemProxy */ = {
			isa = PBXContainerItemProxy;
			containerPortal = 20DE501C2CC8D2C900768ADD /* Project object */;
			proxyType = 1;
			remoteGlobalIDString = 20DE50232CC8D2C900768ADD;
			remoteInfo = font;
		};
		20DE504A2CC8D2CA00768ADD /* PBXContainerItemProxy */ = {
			isa = PBXContainerItemProxy;
			containerPortal = 20DE501C2CC8D2C900768ADD /* Project object */;
			proxyType = 1;
			remoteGlobalIDString = 20DE50232CC8D2C900768ADD;
			remoteInfo = font;
		};
/* End PBXContainerItemProxy section */

/* Begin PBXFileReference section */
		20DE50242CC8D2C900768ADD /* font.app */ = {isa = PBXFileReference; explicitFileType = wrapper.application; includeInIndex = 0; path = font.app; sourceTree = BUILT_PRODUCTS_DIR; };
		20DE50272CC8D2C900768ADD /* AppDelegate.h */ = {isa = PBXFileReference; lastKnownFileType = sourcecode.c.h; path = AppDelegate.h; sourceTree = "<group>"; };
		20DE50282CC8D2C900768ADD /* AppDelegate.m */ = {isa = PBXFileReference; lastKnownFileType = sourcecode.c.objc; path = AppDelegate.m; sourceTree = "<group>"; };
		20DE502A2CC8D2C900768ADD /* SceneDelegate.h */ = {isa = PBXFileReference; lastKnownFileType = sourcecode.c.h; path = SceneDelegate.h; sourceTree = "<group>"; };
		20DE502B2CC8D2C900768ADD /* SceneDelegate.m */ = {isa = PBXFileReference; lastKnownFileType = sourcecode.c.objc; path = SceneDelegate.m; sourceTree = "<group>"; };
		20DE502D2CC8D2C900768ADD /* ViewController.h */ = {isa = PBXFileReference; lastKnownFileType = sourcecode.c.h; path = ViewController.h; sourceTree = "<group>"; };
		20DE502E2CC8D2C900768ADD /* ViewController.m */ = {isa = PBXFileReference; lastKnownFileType = sourcecode.c.objc; path = ViewController.m; sourceTree = "<group>"; };
		20DE50312CC8D2C900768ADD /* Base */ = {isa = PBXFileReference; lastKnownFileType = file.storyboard; name = Base; path = Base.lproj/Main.storyboard; sourceTree = "<group>"; };
		20DE50332CC8D2CA00768ADD /* Assets.xcassets */ = {isa = PBXFileReference; lastKnownFileType = folder.assetcatalog; path = Assets.xcassets; sourceTree = "<group>"; };
		20DE50362CC8D2CA00768ADD /* Base */ = {isa = PBXFileReference; lastKnownFileType = file.storyboard; name = Base; path = Base.lproj/LaunchScreen.storyboard; sourceTree = "<group>"; };
		20DE50382CC8D2CA00768ADD /* Info.plist */ = {isa = PBXFileReference; lastKnownFileType = text.plist.xml; path = Info.plist; sourceTree = "<group>"; };
		20DE50392CC8D2CA00768ADD /* main.m */ = {isa = PBXFileReference; lastKnownFileType = sourcecode.c.objc; path = main.m; sourceTree = "<group>"; };
		20DE503F2CC8D2CA00768ADD /* fontTests.xctest */ = {isa = PBXFileReference; explicitFileType = wrapper.cfbundle; includeInIndex = 0; path = fontTests.xctest; sourceTree = BUILT_PRODUCTS_DIR; };
		20DE50432CC8D2CA00768ADD /* fontTests.m */ = {isa = PBXFileReference; lastKnownFileType = sourcecode.c.objc; path = fontTests.m; sourceTree = "<group>"; };
		20DE50492CC8D2CA00768ADD /* fontUITests.xctest */ = {isa = PBXFileReference; explicitFileType = wrapper.cfbundle; includeInIndex = 0; path = fontUITests.xctest; sourceTree = BUILT_PRODUCTS_DIR; };
		20DE504D2CC8D2CA00768ADD /* fontUITests.m */ = {isa = PBXFileReference; lastKnownFileType = sourcecode.c.objc; path = fontUITests.m; sourceTree = "<group>"; };
		20DE504F2CC8D2CA00768ADD /* fontUITestsLaunchTests.m */ = {isa = PBXFileReference; lastKnownFileType = sourcecode.c.objc; path = fontUITestsLaunchTests.m; sourceTree = "<group>"; };
/* End PBXFileReference section */

/* Begin PBXFrameworksBuildPhase section */
		20DE50212CC8D2C900768ADD /* Frameworks */ = {
			isa = PBXFrameworksBuildPhase;
			buildActionMask = 2147483647;
			files = (
			);
			runOnlyForDeploymentPostprocessing = 0;
		};
		20DE503C2CC8D2CA00768ADD /* Frameworks */ = {
			isa = PBXFrameworksBuildPhase;
			buildActionMask = 2147483647;
			files = (
			);
			runOnlyForDeploymentPostprocessing = 0;
		};
		20DE50462CC8D2CA00768ADD /* Frameworks */ = {
			isa = PBXFrameworksBuildPhase;
			buildActionMask = 2147483647;
			files = (
			);
			runOnlyForDeploymentPostprocessing = 0;
		};
/* End PBXFrameworksBuildPhase section */

/* Begin PBXGroup section */
		20DE501B2CC8D2C900768ADD = {
			isa = PBXGroup;
			children = (
				20DE50262CC8D2C900768ADD /* font */,
				20DE50422CC8D2CA00768ADD /* fontTests */,
				20DE504C2CC8D2CA00768ADD /* fontUITests */,
				20DE50252CC8D2C900768ADD /* Products */,
			);
			sourceTree = "<group>";
		};
		20DE50252CC8D2C900768ADD /* Products */ = {
			isa = PBXGroup;
			children = (
				20DE50242CC8D2C900768ADD /* font.app */,
				20DE503F2CC8D2CA00768ADD /* fontTests.xctest */,
				20DE50492CC8D2CA00768ADD /* fontUITests.xctest */,
			);
			name = Products;
			sourceTree = "<group>";
		};
		20DE50262CC8D2C900768ADD /* font */ = {
			isa = PBXGroup;
			children = (
				20DE50272CC8D2C900768ADD /* AppDelegate.h */,
				20DE50282CC8D2C900768ADD /* AppDelegate.m */,
				20DE502A2CC8D2C900768ADD /* SceneDelegate.h */,
				20DE502B2CC8D2C900768ADD /* SceneDelegate.m */,
				20DE502D2CC8D2C900768ADD /* ViewController.h */,
				20DE502E2CC8D2C900768ADD /* ViewController.m */,
				20DE50302CC8D2C900768ADD /* Main.storyboard */,
				20DE50332CC8D2CA00768ADD /* Assets.xcassets */,
				20DE50352CC8D2CA00768ADD /* LaunchScreen.storyboard */,
				20DE50382CC8D2CA00768ADD /* Info.plist */,
				20DE50392CC8D2CA00768ADD /* main.m */,
			);
			path = font;
			sourceTree = "<group>";
		};
		20DE50422CC8D2CA00768ADD /* fontTests */ = {
			isa = PBXGroup;
			children = (
				20DE50432CC8D2CA00768ADD /* fontTests.m */,
			);
			path = fontTests;
			sourceTree = "<group>";
		};
		20DE504C2CC8D2CA00768ADD /* fontUITests */ = {
			isa = PBXGroup;
			children = (
				20DE504D2CC8D2CA00768ADD /* fontUITests.m */,
				20DE504F2CC8D2CA00768ADD /* fontUITestsLaunchTests.m */,
			);
			path = fontUITests;
			sourceTree = "<group>";
		};
/* End PBXGroup section */

/* Begin PBXNativeTarget section */
		20DE50232CC8D2C900768ADD /* font */ = {
			isa = PBXNativeTarget;
			buildConfigurationList = 20DE50532CC8D2CA00768ADD /* Build configuration list for PBXNativeTarget "font" */;
			buildPhases = (
				20DE50202CC8D2C900768ADD /* Sources */,
				20DE50212CC8D2C900768ADD /* Frameworks */,
				20DE50222CC8D2C900768ADD /* Resources */,
			);
			buildRules = (
			);
			dependencies = (
			);
			name = font;
			productName = font;
			productReference = 20DE50242CC8D2C900768ADD /* font.app */;
			productType = "com.apple.product-type.application";
		};
		20DE503E2CC8D2CA00768ADD /* fontTests */ = {
			isa = PBXNativeTarget;
			buildConfigurationList = 20DE50562CC8D2CA00768ADD /* Build configuration list for PBXNativeTarget "fontTests" */;
			buildPhases = (
				20DE503B2CC8D2CA00768ADD /* Sources */,
				20DE503C2CC8D2CA00768ADD /* Frameworks */,
				20DE503D2CC8D2CA00768ADD /* Resources */,
			);
			buildRules = (
			);
			dependencies = (
				20DE50412CC8D2CA00768ADD /* PBXTargetDependency */,
			);
			name = fontTests;
			productName = fontTests;
			productReference = 20DE503F2CC8D2CA00768ADD /* fontTests.xctest */;
			productType = "com.apple.product-type.bundle.unit-test";
		};
		20DE50482CC8D2CA00768ADD /* fontUITests */ = {
			isa = PBXNativeTarget;
			buildConfigurationList = 20DE50592CC8D2CA00768ADD /* Build configuration list for PBXNativeTarget "fontUITests" */;
			buildPhases = (
				20DE50452CC8D2CA00768ADD /* Sources */,
				20DE50462CC8D2CA00768ADD /* Frameworks */,
				20DE50472CC8D2CA00768ADD /* Resources */,
			);
			buildRules = (
			);
			dependencies = (
				20DE504B2CC8D2CA00768ADD /* PBXTargetDependency */,
			);
			name = fontUITests;
			productName = fontUITests;
			productReference = 20DE50492CC8D2CA00768ADD /* fontUITests.xctest */;
			productType = "com.apple.product-type.bundle.ui-testing";
		};
/* End PBXNativeTarget section */

/* Begin PBXProject section */
		20DE501C2CC8D2C900768ADD /* Project object */ = {
			isa = PBXProject;
			attributes = {
				BuildIndependentTargetsInParallel = 1;
				LastUpgradeCheck = 1430;
				TargetAttributes = {
					20DE50232CC8D2C900768ADD = {
						CreatedOnToolsVersion = 14.3.1;
					};
					20DE503E2CC8D2CA00768ADD = {
						CreatedOnToolsVersion = 14.3.1;
						TestTargetID = 20DE50232CC8D2C900768ADD;
					};
					20DE50482CC8D2CA00768ADD = {
						CreatedOnToolsVersion = 14.3.1;
						TestTargetID = 20DE50232CC8D2C900768ADD;
					};
				};
			};
			buildConfigurationList = 20DE501F2CC8D2C900768ADD /* Build configuration list for PBXProject "font" */;
			compatibilityVersion = "Xcode 14.0";
			developmentRegion = en;
			hasScannedForEncodings = 0;
			knownRegions = (
				en,
				Base,
			);
			mainGroup = 20DE501B2CC8D2C900768ADD;
			productRefGroup = 20DE50252CC8D2C900768ADD /* Products */;
			projectDirPath = "";
			projectRoot = "";
			targets = (
				20DE50232CC8D2C900768ADD /* font */,
				20DE503E2CC8D2CA00768ADD /* fontTests */,
				20DE50482CC8D2CA00768ADD /* fontUITests */,
			);
		};
/* End PBXProject section */

/* Begin PBXResourcesBuildPhase section */
		20DE50222CC8D2C900768ADD /* Resources */ = {
			isa = PBXResourcesBuildPhase;
			buildActionMask = 2147483647;
			files = (
				20DE50372CC8D2CA00768ADD /* LaunchScreen.storyboard in Resources */,
				20DE50342CC8D2CA00768ADD /* Assets.xcassets in Resources */,
				20DE50322CC8D2C900768ADD /* Main.storyboard in Resources */,
			);
			runOnlyForDeploymentPostprocessing = 0;
		};
		20DE503D2CC8D2CA00768ADD /* Resources */ = {
			isa = PBXResourcesBuildPhase;
			buildActionMask = 2147483647;
			files = (
			);
			runOnlyForDeploymentPostprocessing = 0;
		};
		20DE50472CC8D2CA00768ADD /* Resources */ = {
			isa = PBXResourcesBuildPhase;
			buildActionMask = 2147483647;
			files = (
			);
			runOnlyForDeploymentPostprocessing = 0;
		};
/* End PBXResourcesBuildPhase section */

/* Begin PBXSourcesBuildPhase section */
		20DE50202CC8D2C900768ADD /* Sources */ = {
			isa = PBXSourcesBuildPhase;
			buildActionMask = 2147483647;
			files = (
				20DE502F2CC8D2C900768ADD /* ViewController.m in Sources */,
				20DE50292CC8D2C900768ADD /* AppDelegate.m in Sources */,
				20DE503A2CC8D2CA00768ADD /* main.m in Sources */,
				20DE502C2CC8D2C900768ADD /* SceneDelegate.m in Sources */,
			);
			runOnlyForDeploymentPostprocessing = 0;
		};
		20DE503B2CC8D2CA00768ADD /* Sources */ = {
			isa = PBXSourcesBuildPhase;
			buildActionMask = 2147483647;
			files = (
				20DE50442CC8D2CA00768ADD /* fontTests.m in Sources */,
			);
			runOnlyForDeploymentPostprocessing = 0;
		};
		20DE50452CC8D2CA00768ADD /* Sources */ = {
			isa = PBXSourcesBuildPhase;
			buildActionMask = 2147483647;
			files = (
				20DE504E2CC8D2CA00768ADD /* fontUITests.m in Sources */,
				20DE50502CC8D2CA00768ADD /* fontUITestsLaunchTests.m in Sources */,
			);
			runOnlyForDeploymentPostprocessing = 0;
		};
/* End PBXSourcesBuildPhase section */

/* Begin PBXTargetDependency section */
		20DE50412CC8D2CA00768ADD /* PBXTargetDependency */ = {
			isa = PBXTargetDependency;
			target = 20DE50232CC8D2C900768ADD /* font */;
			targetProxy = 20DE50402CC8D2CA00768ADD /* PBXContainerItemProxy */;
		};
		20DE504B2CC8D2CA00768ADD /* PBXTargetDependency */ = {
			isa = PBXTargetDependency;
			target = 20DE50232CC8D2C900768ADD /* font */;
			targetProxy = 20DE504A2CC8D2CA00768ADD /* PBXContainerItemProxy */;
		};
/* End PBXTargetDependency section */

/* Begin PBXVariantGroup section */
		20DE50302CC8D2C900768ADD /* Main.storyboard */ = {
			isa = PBXVariantGroup;
			children = (
				20DE50312CC8D2C900768ADD /* Base */,
			);
			name = Main.storyboard;
			sourceTree = "<group>";
		};
		20DE50352CC8D2CA00768ADD /* LaunchScreen.storyboard */ = {
			isa = PBXVariantGroup;
			children = (
				20DE50362CC8D2CA00768ADD /* Base */,
			);
			name = LaunchScreen.storyboard;
			sourceTree = "<group>";
		};
/* End PBXVariantGroup section */

/* Begin XCBuildConfiguration section */
		20DE50512CC8D2CA00768ADD /* Debug */ = {
			isa = XCBuildConfiguration;
			buildSettings = {
				ALWAYS_SEARCH_USER_PATHS = NO;
				CLANG_ANALYZER_NONNULL = YES;
				CLANG_ANALYZER_NUMBER_OBJECT_CONVERSION = YES_AGGRESSIVE;
				CLANG_CXX_LANGUAGE_STANDARD = "gnu++20";
				CLANG_ENABLE_MODULES = YES;
				CLANG_ENABLE_OBJC_ARC = YES;
				CLANG_ENABLE_OBJC_WEAK = YES;
				CLANG_WARN_BLOCK_CAPTURE_AUTORELEASING = YES;
				CLANG_WARN_BOOL_CONVERSION = YES;
				CLANG_WARN_COMMA = YES;
				CLANG_WARN_CONSTANT_CONVERSION = YES;
				CLANG_WARN_DEPRECATED_OBJC_IMPLEMENTATIONS = YES;
				CLANG_WARN_DIRECT_OBJC_ISA_USAGE = YES_ERROR;
				CLANG_WARN_DOCUMENTATION_COMMENTS = YES;
				CLANG_WARN_EMPTY_BODY = YES;
				CLANG_WARN_ENUM_CONVERSION = YES;
				CLANG_WARN_INFINITE_RECURSION = YES;
				CLANG_WARN_INT_CONVERSION = YES;
				CLANG_WARN_NON_LITERAL_NULL_CONVERSION = YES;
				CLANG_WARN_OBJC_IMPLICIT_RETAIN_SELF = YES;
				CLANG_WARN_OBJC_LITERAL_CONVERSION = YES;
				CLANG_WARN_OBJC_ROOT_CLASS = YES_ERROR;
				CLANG_WARN_QUOTED_INCLUDE_IN_FRAMEWORK_HEADER = YES;
				CLANG_WARN_RANGE_LOOP_ANALYSIS = YES;
				CLANG_WARN_STRICT_PROTOTYPES = YES;
				CLANG_WARN_SUSPICIOUS_MOVE = YES;
				CLANG_WARN_UNGUARDED_AVAILABILITY = YES_AGGRESSIVE;
				CLANG_WARN_UNREACHABLE_CODE = YES;
				CLANG_WARN__DUPLICATE_METHOD_MATCH = YES;
				COPY_PHASE_STRIP = NO;
				DEBUG_INFORMATION_FORMAT = dwarf;
				ENABLE_STRICT_OBJC_MSGSEND = YES;
				ENABLE_TESTABILITY = YES;
				GCC_C_LANGUAGE_STANDARD = gnu11;
				GCC_DYNAMIC_NO_PIC = NO;
				GCC_NO_COMMON_BLOCKS = YES;
				GCC_OPTIMIZATION_LEVEL = 0;
				GCC_PREPROCESSOR_DEFINITIONS = (
					"DEBUG=1",
					"$(inherited)",
				);
				GCC_WARN_64_TO_32_BIT_CONVERSION = YES;
				GCC_WARN_ABOUT_RETURN_TYPE = YES_ERROR;
				GCC_WARN_UNDECLARED_SELECTOR = YES;
				GCC_WARN_UNINITIALIZED_AUTOS = YES_AGGRESSIVE;
				GCC_WARN_UNUSED_FUNCTION = YES;
				GCC_WARN_UNUSED_VARIABLE = YES;
				IPHONEOS_DEPLOYMENT_TARGET = 16.4;
				MTL_ENABLE_DEBUG_INFO = INCLUDE_SOURCE;
				MTL_FAST_MATH = YES;
				ONLY_ACTIVE_ARCH = YES;
				SDKROOT = iphoneos;
			};
			name = Debug;
		};
		20DE50522CC8D2CA00768ADD /* Release */ = {
			isa = XCBuildConfiguration;
			buildSettings = {
				ALWAYS_SEARCH_USER_PATHS = NO;
				CLANG_ANALYZER_NONNULL = YES;
				CLANG_ANALYZER_NUMBER_OBJECT_CONVERSION = YES_AGGRESSIVE;
				CLANG_CXX_LANGUAGE_STANDARD = "gnu++20";
				CLANG_ENABLE_MODULES = YES;
				CLANG_ENABLE_OBJC_ARC = YES;
				CLANG_ENABLE_OBJC_WEAK = YES;
				CLANG_WARN_BLOCK_CAPTURE_AUTORELEASING = YES;
				CLANG_WARN_BOOL_CONVERSION = YES;
				CLANG_WARN_COMMA = YES;
				CLANG_WARN_CONSTANT_CONVERSION = YES;
				CLANG_WARN_DEPRECATED_OBJC_IMPLEMENTATIONS = YES;
				CLANG_WARN_DIRECT_OBJC_ISA_USAGE = YES_ERROR;
				CLANG_WARN_DOCUMENTATION_COMMENTS = YES;
				CLANG_WARN_EMPTY_BODY = YES;
				CLANG_WARN_ENUM_CONVERSION = YES;
				CLANG_WARN_INFINITE_RECURSION = YES;
				CLANG_WARN_INT_CONVERSION = YES;
				CLANG_WARN_NON_LITERAL_NULL_CONVERSION = YES;
				CLANG_WARN_OBJC_IMPLICIT_RETAIN_SELF = YES;
				CLANG_WARN_OBJC_LITERAL_CONVERSION = YES;
				CLANG_WARN_OBJC_ROOT_CLASS = YES_ERROR;
				CLANG_WARN_QUOTED_INCLUDE_IN_FRAMEWORK_HEADER = YES;
				CLANG_WARN_RANGE_LOOP_ANALYSIS = YES;
				CLANG_WARN_STRICT_PROTOTYPES = YES;
				CLANG_WARN_SUSPICIOUS_MOVE = YES;
				CLANG_WARN_UNGUARDED_AVAILABILITY = YES_AGGRESSIVE;
				CLANG_WARN_UNREACHABLE_CODE = YES;
				CLANG_WARN__DUPLICATE_METHOD_MATCH = YES;
				COPY_PHASE_STRIP = NO;
				DEBUG_INFORMATION_FORMAT = "dwarf-with-dsym";
				ENABLE_NS_ASSERTIONS = NO;
				ENABLE_STRICT_OBJC_MSGSEND = YES;
				GCC_C_LANGUAGE_STANDARD = gnu11;
				GCC_NO_COMMON_BLOCKS = YES;
				GCC_WARN_64_TO_32_BIT_CONVERSION = YES;
				GCC_WARN_ABOUT_RETURN_TYPE = YES_ERROR;
				GCC_WARN_UNDECLARED_SELECTOR = YES;
				GCC_WARN_UNINITIALIZED_AUTOS = YES_AGGRESSIVE;
				GCC_WARN_UNUSED_FUNCTION = YES;
				GCC_WARN_UNUSED_VARIABLE = YES;
				IPHONEOS_DEPLOYMENT_TARGET = 16.4;
				MTL_ENABLE_DEBUG_INFO = NO;
				MTL_FAST_MATH = YES;
				SDKROOT = iphoneos;
				VALIDATE_PRODUCT = YES;
			};
			name = Release;
		};
		20DE50542CC8D2CA00768ADD /* Debug */ = {
			isa = XCBuildConfiguration;
			buildSettings = {
				ASSETCATALOG_COMPILER_APPICON_NAME = AppIcon;
				ASSETCATALOG_COMPILER_GLOBAL_ACCENT_COLOR_NAME = AccentColor;
				CODE_SIGN_STYLE = Automatic;
				CURRENT_PROJECT_VERSION = 1;
				GENERATE_INFOPLIST_FILE = YES;
				INFOPLIST_FILE = font/Info.plist;
				INFOPLIST_KEY_UIApplicationSupportsIndirectInputEvents = YES;
				INFOPLIST_KEY_UILaunchStoryboardName = LaunchScreen;
				INFOPLIST_KEY_UIMainStoryboardFile = Main;
				INFOPLIST_KEY_UISupportedInterfaceOrientations_iPad = "UIInterfaceOrientationPortrait UIInterfaceOrientationPortraitUpsideDown UIInterfaceOrientationLandscapeLeft UIInterfaceOrientationLandscapeRight";
				INFOPLIST_KEY_UISupportedInterfaceOrientations_iPhone = "UIInterfaceOrientationPortrait UIInterfaceOrientationLandscapeLeft UIInterfaceOrientationLandscapeRight";
				LD_RUNPATH_SEARCH_PATHS = (
					"$(inherited)",
					"@executable_path/Frameworks",
				);
				MARKETING_VERSION = 1.0;
				PRODUCT_BUNDLE_IDENTIFIER = com.yuanfudao.wk.font;
				PRODUCT_NAME = "$(TARGET_NAME)";
				SWIFT_EMIT_LOC_STRINGS = YES;
				TARGETED_DEVICE_FAMILY = "1,2";
			};
			name = Debug;
		};
		20DE50552CC8D2CA00768ADD /* Release */ = {
			isa = XCBuildConfiguration;
			buildSettings = {
				ASSETCATALOG_COMPILER_APPICON_NAME = AppIcon;
				ASSETCATALOG_COMPILER_GLOBAL_ACCENT_COLOR_NAME = AccentColor;
				CODE_SIGN_STYLE = Automatic;
				CURRENT_PROJECT_VERSION = 1;
				GENERATE_INFOPLIST_FILE = YES;
				INFOPLIST_FILE = font/Info.plist;
				INFOPLIST_KEY_UIApplicationSupportsIndirectInputEvents = YES;
				INFOPLIST_KEY_UILaunchStoryboardName = LaunchScreen;
				INFOPLIST_KEY_UIMainStoryboardFile = Main;
				INFOPLIST_KEY_UISupportedInterfaceOrientations_iPad = "UIInterfaceOrientationPortrait UIInterfaceOrientationPortraitUpsideDown UIInterfaceOrientationLandscapeLeft UIInterfaceOrientationLandscapeRight";
				INFOPLIST_KEY_UISupportedInterfaceOrientations_iPhone = "UIInterfaceOrientationPortrait UIInterfaceOrientationLandscapeLeft UIInterfaceOrientationLandscapeRight";
				LD_RUNPATH_SEARCH_PATHS = (
					"$(inherited)",
					"@executable_path/Frameworks",
				);
				MARKETING_VERSION = 1.0;
				PRODUCT_BUNDLE_IDENTIFIER = com.yuanfudao.wk.font;
				PRODUCT_NAME = "$(TARGET_NAME)";
				SWIFT_EMIT_LOC_STRINGS = YES;
				TARGETED_DEVICE_FAMILY = "1,2";
			};
			name = Release;
		};
		20DE50572CC8D2CA00768ADD /* Debug */ = {
			isa = XCBuildConfiguration;
			buildSettings = {
				BUNDLE_LOADER = "$(TEST_HOST)";
				CODE_SIGN_STYLE = Automatic;
				CURRENT_PROJECT_VERSION = 1;
				GENERATE_INFOPLIST_FILE = YES;
				IPHONEOS_DEPLOYMENT_TARGET = 16.4;
				MARKETING_VERSION = 1.0;
				PRODUCT_BUNDLE_IDENTIFIER = com.yuanfudao.wk.fontTests;
				PRODUCT_NAME = "$(TARGET_NAME)";
				SWIFT_EMIT_LOC_STRINGS = NO;
				TARGETED_DEVICE_FAMILY = "1,2";
				TEST_HOST = "$(BUILT_PRODUCTS_DIR)/font.app/$(BUNDLE_EXECUTABLE_FOLDER_PATH)/font";
			};
			name = Debug;
		};
		20DE50582CC8D2CA00768ADD /* Release */ = {
			isa = XCBuildConfiguration;
			buildSettings = {
				BUNDLE_LOADER = "$(TEST_HOST)";
				CODE_SIGN_STYLE = Automatic;
				CURRENT_PROJECT_VERSION = 1;
				GENERATE_INFOPLIST_FILE = YES;
				IPHONEOS_DEPLOYMENT_TARGET = 16.4;
				MARKETING_VERSION = 1.0;
				PRODUCT_BUNDLE_IDENTIFIER = com.yuanfudao.wk.fontTests;
				PRODUCT_NAME = "$(TARGET_NAME)";
				SWIFT_EMIT_LOC_STRINGS = NO;
				TARGETED_DEVICE_FAMILY = "1,2";
				TEST_HOST = "$(BUILT_PRODUCTS_DIR)/font.app/$(BUNDLE_EXECUTABLE_FOLDER_PATH)/font";
			};
			name = Release;
		};
		20DE505A2CC8D2CA00768ADD /* Debug */ = {
			isa = XCBuildConfiguration;
			buildSettings = {
				CODE_SIGN_STYLE = Automatic;
				CURRENT_PROJECT_VERSION = 1;
				GENERATE_INFOPLIST_FILE = YES;
				MARKETING_VERSION = 1.0;
				PRODUCT_BUNDLE_IDENTIFIER = com.yuanfudao.wk.fontUITests;
				PRODUCT_NAME = "$(TARGET_NAME)";
				SWIFT_EMIT_LOC_STRINGS = NO;
				TARGETED_DEVICE_FAMILY = "1,2";
				TEST_TARGET_NAME = font;
			};
			name = Debug;
		};
		20DE505B2CC8D2CA00768ADD /* Release */ = {
			isa = XCBuildConfiguration;
			buildSettings = {
				CODE_SIGN_STYLE = Automatic;
				CURRENT_PROJECT_VERSION = 1;
				GENERATE_INFOPLIST_FILE = YES;
				MARKETING_VERSION = 1.0;
				PRODUCT_BUNDLE_IDENTIFIER = com.yuanfudao.wk.fontUITests;
				PRODUCT_NAME = "$(TARGET_NAME)";
				SWIFT_EMIT_LOC_STRINGS = NO;
				TARGETED_DEVICE_FAMILY = "1,2";
				TEST_TARGET_NAME = font;
			};
			name = Release;
		};
/* End XCBuildConfiguration section */

/* Begin XCConfigurationList section */
		20DE501F2CC8D2C900768ADD /* Build configuration list for PBXProject "font" */ = {
			isa = XCConfigurationList;
			buildConfigurations = (
				20DE50512CC8D2CA00768ADD /* Debug */,
				20DE50522CC8D2CA00768ADD /* Release */,
			);
			defaultConfigurationIsVisible = 0;
			defaultConfigurationName = Release;
		};
		20DE50532CC8D2CA00768ADD /* Build configuration list for PBXNativeTarget "font" */ = {
			isa = XCConfigurationList;
			buildConfigurations = (
				20DE50542CC8D2CA00768ADD /* Debug */,
				20DE50552CC8D2CA00768ADD /* Release */,
			);
			defaultConfigurationIsVisible = 0;
			defaultConfigurationName = Release;
		};
		20DE50562CC8D2CA00768ADD /* Build configuration list for PBXNativeTarget "fontTests" */ = {
			isa = XCConfigurationList;
			buildConfigurations = (
				20DE50572CC8D2CA00768ADD /* Debug */,
				20DE50582CC8D2CA00768ADD /* Release */,
			);
			defaultConfigurationIsVisible = 0;
			defaultConfigurationName = Release;
		};
		20DE50592CC8D2CA00768ADD /* Build configuration list for PBXNativeTarget "fontUITests" */ = {
			isa = XCConfigurationList;
			buildConfigurations = (
				20DE505A2CC8D2CA00768ADD /* Debug */,
				20DE505B2CC8D2CA00768ADD /* Release */,
			);
			defaultConfigurationIsVisible = 0;
			defaultConfigurationName = Release;
		};
/* End XCConfigurationList section */
	};
	rootObject = 20DE501C2CC8D2C900768ADD /* Project object */;
}
